
Microsoft Visual Studio Solution File, Format Version 12.00
# Visual Studio 15
Project("{FAE04EC0-301F-11D3-BF4B-00C04F79EFBC}") = "Assembly-CSharp", "Assembly-CSharp.csproj", "{04DC95ED-A6E7-3888-61E6-6FF9074776A2}"
EndProject
Project("{FAE04EC0-301F-11D3-BF4B-00C04F79EFBC}") = "Assembly-CSharp-Editor", "Assembly-CSharp-Editor.csproj", "{1AFB4BDA-EC71-A87B-837C-D0A50A42E5A1}"
EndProject
Global
	GlobalSection(SolutionConfigurationPlatforms) = preSolution
		Debug|Any CPU = Debug|Any CPU
		Release|Any CPU = Release|Any CPU
	EndGlobalSection
	GlobalSection(ProjectConfigurationPlatforms) = postSolution
		{04DC95ED-A6E7-3888-61E6-6FF9074776A2}.Debug|Any CPU.ActiveCfg = Debug|Any CPU
		{04DC95ED-A6E7-3888-61E6-6FF9074776A2}.Debug|Any CPU.Build.0 = Debug|Any CPU
		{04DC95ED-A6E7-3888-61E6-6FF9074776A2}.Release|Any CPU.ActiveCfg = Release|Any CPU
		{04DC95ED-A6E7-3888-61E6-6FF9074776A2}.Release|Any CPU.Build.0 = Release|Any CPU
		{1AFB4BDA-EC71-A87B-837C-D0A50A42E5A1}.Debug|Any CPU.ActiveCfg = Debug|Any CPU
		{1AFB4BDA-EC71-A87B-837C-D0A50A42E5A1}.Debug|Any CPU.Build.0 = Debug|Any CPU
		{1AFB4BDA-EC71-A87B-837C-D0A50A42E5A1}.Release|Any CPU.ActiveCfg = Release|Any CPU
		{1AFB4BDA-EC71-A87B-837C-D0A50A42E5A1}.Release|Any CPU.Build.0 = Release|Any CPU
	EndGlobalSection
	GlobalSection(SolutionProperties) = preSolution
		HideSolutionNode = FALSE
	EndGlobalSection
EndGlobal
